// !$*UTF8*$!
{
	archiveVersion = 1;
	classes = {
	};
	objectVersion = 55;
	objects = {

/* Begin PBXBuildFile section */
		048D77F3286007BD00D400E0 /* AppDelegate.m in Sources */ = {isa = PBXBuildFile; fileRef = 048D77F2286007BD00D400E0 /* AppDelegate.m */; };
		048D77F6286007BD00D400E0 /* SceneDelegate.m in Sources */ = {isa = PBXBuildFile; fileRef = 048D77F5286007BD00D400E0 /* SceneDelegate.m */; };
		048D77F9286007BD00D400E0 /* ViewController.m in Sources */ = {isa = PBXBuildFile; fileRef = 048D77F8286007BD00D400E0 /* ViewController.m */; };
		048D77FC286007BD00D400E0 /* Main.storyboard in Resources */ = {isa = PBXBuildFile; fileRef = 048D77FA286007BD00D400E0 /* Main.storyboard */; };
		048D77FE286007BE00D400E0 /* Assets.xcassets in Resources */ = {isa = PBXBuildFile; fileRef = 048D77FD286007BE00D400E0 /* Assets.xcassets */; };
		048D7801286007BE00D400E0 /* LaunchScreen.storyboard in Resources */ = {isa = PBXBuildFile; fileRef = 048D77FF286007BE00D400E0 /* LaunchScreen.storyboard */; };
		048D7804286007BE00D400E0 /* main.m in Sources */ = {isa = PBXBuildFile; fileRef = 048D7803286007BE00D400E0 /* main.m */; };
		048D780C28600A3D00D400E0 /* VINDetectionViewController.m in Sources */ = {isa = PBXBuildFile; fileRef = 048D780B28600A3D00D400E0 /* VINDetectionViewController.m */; };
		048D780E28600BA400D400E0 /* scanSuccess.wav in Resources */ = {isa = PBXBuildFile; fileRef = 048D780D28600BA300D400E0 /* scanSuccess.wav */; };
/* End PBXBuildFile section */

/* Begin PBXFileReference section */
		048D77EE286007BD00D400E0 /* TextDetection-VIN4.app */ = {isa = PBXFileReference; explicitFileType = wrapper.application; includeInIndex = 0; path = "TextDetection-VIN4.app"; sourceTree = BUILT_PRODUCTS_DIR; };
		048D77F1286007BD00D400E0 /* AppDelegate.h */ = {isa = PBXFileReference; lastKnownFileType = sourcecode.c.h; path = AppDelegate.h; sourceTree = "<group>"; };
		048D77F2286007BD00D400E0 /* AppDelegate.m */ = {isa = PBXFileReference; lastKnownFileType = sourcecode.c.objc; path = AppDelegate.m; sourceTree = "<group>"; };
		048D77F4286007BD00D400E0 /* SceneDelegate.h */ = {isa = PBXFileReference; lastKnownFileType = sourcecode.c.h; path = SceneDelegate.h; sourceTree = "<group>"; };
		048D77F5286007BD00D400E0 /* SceneDelegate.m */ = {isa = PBXFileReference; lastKnownFileType = sourcecode.c.objc; path = SceneDelegate.m; sourceTree = "<group>"; };
		048D77F7286007BD00D400E0 /* ViewController.h */ = {isa = PBXFileReference; lastKnownFileType = sourcecode.c.h; path = ViewController.h; sourceTree = "<group>"; };
		048D77F8286007BD00D400E0 /* ViewController.m */ = {isa = PBXFileReference; lastKnownFileType = sourcecode.c.objc; path = ViewController.m; sourceTree = "<group>"; };
		048D77FB286007BD00D400E0 /* Base */ = {isa = PBXFileReference; lastKnownFileType = file.storyboard; name = Base; path = Base.lproj/Main.storyboard; sourceTree = "<group>"; };
		048D77FD286007BE00D400E0 /* Assets.xcassets */ = {isa = PBXFileReference; lastKnownFileType = folder.assetcatalog; path = Assets.xcassets; sourceTree = "<group>"; };
		048D7800286007BE00D400E0 /* Base */ = {isa = PBXFileReference; lastKnownFileType = file.storyboard; name = Base; path = Base.lproj/LaunchScreen.storyboard; sourceTree = "<group>"; };
		048D7802286007BE00D400E0 /* Info.plist */ = {isa = PBXFileReference; lastKnownFileType = text.plist.xml; path = Info.plist; sourceTree = "<group>"; };
		048D7803286007BE00D400E0 /* main.m */ = {isa = PBXFileReference; lastKnownFileType = sourcecode.c.objc; path = main.m; sourceTree = "<group>"; };
		048D780A28600A3D00D400E0 /* VINDetectionViewController.h */ = {isa = PBXFileReference; lastKnownFileType = sourcecode.c.h; path = VINDetectionViewController.h; sourceTree = "<group>"; };
		048D780B28600A3D00D400E0 /* VINDetectionViewController.m */ = {isa = PBXFileReference; lastKnownFileType = sourcecode.c.objc; path = VINDetectionViewController.m; sourceTree = "<group>"; };
		048D780D28600BA300D400E0 /* scanSuccess.wav */ = {isa = PBXFileReference; lastKnownFileType = audio.wav; path = scanSuccess.wav; sourceTree = "<group>"; };
/* End PBXFileReference section */

/* Begin PBXFrameworksBuildPhase section */
		048D77EB286007BD00D400E0 /* Frameworks */ = {
			isa = PBXFrameworksBuildPhase;
			buildActionMask = 2147483647;
			files = (
			);
			runOnlyForDeploymentPostprocessing = 0;
		};
/* End PBXFrameworksBuildPhase section */

/* Begin PBXGroup section */
		048D77E5286007BD00D400E0 = {
			isa = PBXGroup;
			children = (
				048D77F0286007BD00D400E0 /* TextDetection-VIN4 */,
				048D77EF286007BD00D400E0 /* Products */,
			);
			sourceTree = "<group>";
		};
		048D77EF286007BD00D400E0 /* Products */ = {
			isa = PBXGroup;
			children = (
				048D77EE286007BD00D400E0 /* TextDetection-VIN4.app */,
			);
			name = Products;
			sourceTree = "<group>";
		};
		048D77F0286007BD00D400E0 /* TextDetection-VIN4 */ = {
			isa = PBXGroup;
			children = (
				048D780D28600BA300D400E0 /* scanSuccess.wav */,
				048D77F1286007BD00D400E0 /* AppDelegate.h */,
				048D77F2286007BD00D400E0 /* AppDelegate.m */,
				048D77F4286007BD00D400E0 /* SceneDelegate.h */,
				048D77F5286007BD00D400E0 /* SceneDelegate.m */,
				048D77F7286007BD00D400E0 /* ViewController.h */,
				048D77F8286007BD00D400E0 /* ViewController.m */,
				048D780A28600A3D00D400E0 /* VINDetectionViewController.h */,
				048D780B28600A3D00D400E0 /* VINDetectionViewController.m */,
				048D77FA286007BD00D400E0 /* Main.storyboard */,
				048D77FD286007BE00D400E0 /* Assets.xcassets */,
				048D77FF286007BE00D400E0 /* LaunchScreen.storyboard */,
				048D7802286007BE00D400E0 /* Info.plist */,
				048D7803286007BE00D400E0 /* main.m */,
			);
			path = "TextDetection-VIN4";
			sourceTree = "<group>";
		};
/* End PBXGroup section */

/* Begin PBXNativeTarget section */
		048D77ED286007BD00D400E0 /* TextDetection-VIN4 */ = {
			isa = PBXNativeTarget;
			buildConfigurationList = 048D7807286007BE00D400E0 /* Build configuration list for PBXNativeTarget "TextDetection-VIN4" */;
			buildPhases = (
				048D77EA286007BD00D400E0 /* Sources */,
				048D77EB286007BD00D400E0 /* Frameworks */,
				048D77EC286007BD00D400E0 /* Resources */,
			);
			buildRules = (
			);
			dependencies = (
			);
			name = "TextDetection-VIN4";
			productName = "TextDetection-VIN4";
			productReference = 048D77EE286007BD00D400E0 /* TextDetection-VIN4.app */;
			productType = "com.apple.product-type.application";
		};
/* End PBXNativeTarget section */

/* Begin PBXProject section */
		048D77E6286007BD00D400E0 /* Project object */ = {
			isa = PBXProject;
			attributes = {
				BuildIndependentTargetsInParallel = 1;
				LastUpgradeCheck = 1340;
				TargetAttributes = {
					048D77ED286007BD00D400E0 = {
						CreatedOnToolsVersion = 13.4.1;
					};
				};
			};
			buildConfigurationList = 048D77E9286007BD00D400E0 /* Build configuration list for PBXProject "TextDetection-VIN4" */;
			compatibilityVersion = "Xcode 13.0";
			developmentRegion = en;
			hasScannedForEncodings = 0;
			knownRegions = (
				en,
				Base,
			);
			mainGroup = 048D77E5286007BD00D400E0;
			productRefGroup = 048D77EF286007BD00D400E0 /* Products */;
			projectDirPath = "";
			projectRoot = "";
			targets = (
				048D77ED286007BD00D400E0 /* TextDetection-VIN4 */,
			);
		};
/* End PBXProject section */

/* Begin PBXResourcesBuildPhase section */
		048D77EC286007BD00D400E0 /* Resources */ = {
			isa = PBXResourcesBuildPhase;
			buildActionMask = 2147483647;
			files = (
				048D7801286007BE00D400E0 /* LaunchScreen.storyboard in Resources */,
				048D780E28600BA400D400E0 /* scanSuccess.wav in Resources */,
				048D77FE286007BE00D400E0 /* Assets.xcassets in Resources */,
				048D77FC286007BD00D400E0 /* Main.storyboard in Resources */,
			);
			runOnlyForDeploymentPostprocessing = 0;
		};
/* End PBXResourcesBuildPhase section */

/* Begin PBXSourcesBuildPhase section */
		048D77EA286007BD00D400E0 /* Sources */ = {
			isa = PBXSourcesBuildPhase;
			buildActionMask = 2147483647;
			files = (
				048D77F9286007BD00D400E0 /* ViewController.m in Sources */,
				048D77F3286007BD00D400E0 /* AppDelegate.m in Sources */,
				048D780C28600A3D00D400E0 /* VINDetectionViewController.m in Sources */,
				048D7804286007BE00D400E0 /* main.m in Sources */,
				048D77F6286007BD00D400E0 /* SceneDelegate.m in Sources */,
			);
			runOnlyForDeploymentPostprocessing = 0;
		};
/* End PBXSourcesBuildPhase section */

/* Begin PBXVariantGroup section */
		048D77FA286007BD00D400E0 /* Main.storyboard */ = {
			isa = PBXVariantGroup;
			children = (
				048D77FB286007BD00D400E0 /* Base */,
			);
			name = Main.storyboard;
			sourceTree = "<group>";
		};
		048D77FF286007BE00D400E0 /* LaunchScreen.storyboard */ = {
			isa = PBXVariantGroup;
			children = (
				048D7800286007BE00D400E0 /* Base */,
			);
			name = LaunchScreen.storyboard;
			sourceTree = "<group>";
		};
/* End PBXVariantGroup section */

/* Begin XCBuildConfiguration section */
		048D7805286007BE00D400E0 /* Debug */ = {
			isa = XCBuildConfiguration;
			buildSettings = {
				ALWAYS_SEARCH_USER_PATHS = NO;
				CLANG_ANALYZER_NONNULL = YES;
				CLANG_ANALYZER_NUMBER_OBJECT_CONVERSION = YES_AGGRESSIVE;
				CLANG_CXX_LANGUAGE_STANDARD = "gnu++17";
				CLANG_ENABLE_MODULES = YES;
				CLANG_ENABLE_OBJC_ARC = YES;
				CLANG_ENABLE_OBJC_WEAK = YES;
				CLANG_WARN_BLOCK_CAPTURE_AUTORELEASING = YES;
				CLANG_WARN_BOOL_CONVERSION = YES;
				CLANG_WARN_COMMA = YES;
				CLANG_WARN_CONSTANT_CONVERSION = YES;
				CLANG_WARN_DEPRECATED_OBJC_IMPLEMENTATIONS = YES;
				CLANG_WARN_DIRECT_OBJC_ISA_USAGE = YES_ERROR;
				CLANG_WARN_DOCUMENTATION_COMMENTS = YES;
				CLANG_WARN_EMPTY_BODY = YES;
				CLANG_WARN_ENUM_CONVERSION = YES;
				CLANG_WARN_INFINITE_RECURSION = YES;
				CLANG_WARN_INT_CONVERSION = YES;
				CLANG_WARN_NON_LITERAL_NULL_CONVERSION = YES;
				CLANG_WARN_OBJC_IMPLICIT_RETAIN_SELF = YES;
				CLANG_WARN_OBJC_LITERAL_CONVERSION = YES;
				CLANG_WARN_OBJC_ROOT_CLASS = YES_ERROR;
				CLANG_WARN_QUOTED_INCLUDE_IN_FRAMEWORK_HEADER = YES;
				CLANG_WARN_RANGE_LOOP_ANALYSIS = YES;
				CLANG_WARN_STRICT_PROTOTYPES = YES;
				CLANG_WARN_SUSPICIOUS_MOVE = YES;
				CLANG_WARN_UNGUARDED_AVAILABILITY = YES_AGGRESSIVE;
				CLANG_WARN_UNREACHABLE_CODE = YES;
				CLANG_WARN__DUPLICATE_METHOD_MATCH = YES;
				COPY_PHASE_STRIP = NO;
				DEBUG_INFORMATION_FORMAT = dwarf;
				ENABLE_STRICT_OBJC_MSGSEND = YES;
				ENABLE_TESTABILITY = YES;
				GCC_C_LANGUAGE_STANDARD = gnu11;
				GCC_DYNAMIC_NO_PIC = NO;
				GCC_NO_COMMON_BLOCKS = YES;
				GCC_OPTIMIZATION_LEVEL = 0;
				GCC_PREPROCESSOR_DEFINITIONS = (
					"DEBUG=1",
					"$(inherited)",
				);
				GCC_WARN_64_TO_32_BIT_CONVERSION = YES;
				GCC_WARN_ABOUT_RETURN_TYPE = YES_ERROR;
				GCC_WARN_UNDECLARED_SELECTOR = YES;
				GCC_WARN_UNINITIALIZED_AUTOS = YES_AGGRESSIVE;
				GCC_WARN_UNUSED_FUNCTION = YES;
				GCC_WARN_UNUSED_VARIABLE = YES;
				IPHONEOS_DEPLOYMENT_TARGET = 15.5;
				MTL_ENABLE_DEBUG_INFO = INCLUDE_SOURCE;
				MTL_FAST_MATH = YES;
				ONLY_ACTIVE_ARCH = YES;
				SDKROOT = iphoneos;
			};
			name = Debug;
		};
		048D7806286007BE00D400E0 /* Release */ = {
			isa = XCBuildConfiguration;
			buildSettings = {
				ALWAYS_SEARCH_USER_PATHS = NO;
				CLANG_ANALYZER_NONNULL = YES;
				CLANG_ANALYZER_NUMBER_OBJECT_CONVERSION = YES_AGGRESSIVE;
				CLANG_CXX_LANGUAGE_STANDARD = "gnu++17";
				CLANG_ENABLE_MODULES = YES;
				CLANG_ENABLE_OBJC_ARC = YES;
				CLANG_ENABLE_OBJC_WEAK = YES;
				CLANG_WARN_BLOCK_CAPTURE_AUTORELEASING = YES;
				CLANG_WARN_BOOL_CONVERSION = YES;
				CLANG_WARN_COMMA = YES;
				CLANG_WARN_CONSTANT_CONVERSION = YES;
				CLANG_WARN_DEPRECATED_OBJC_IMPLEMENTATIONS = YES;
				CLANG_WARN_DIRECT_OBJC_ISA_USAGE = YES_ERROR;
				CLANG_WARN_DOCUMENTATION_COMMENTS = YES;
				CLANG_WARN_EMPTY_BODY = YES;
				CLANG_WARN_ENUM_CONVERSION = YES;
				CLANG_WARN_INFINITE_RECURSION = YES;
				CLANG_WARN_INT_CONVERSION = YES;
				CLANG_WARN_NON_LITERAL_NULL_CONVERSION = YES;
				CLANG_WARN_OBJC_IMPLICIT_RETAIN_SELF = YES;
				CLANG_WARN_OBJC_LITERAL_CONVERSION = YES;
				CLANG_WARN_OBJC_ROOT_CLASS = YES_ERROR;
				CLANG_WARN_QUOTED_INCLUDE_IN_FRAMEWORK_HEADER = YES;
				CLANG_WARN_RANGE_LOOP_ANALYSIS = YES;
				CLANG_WARN_STRICT_PROTOTYPES = YES;
				CLANG_WARN_SUSPICIOUS_MOVE = YES;
				CLANG_WARN_UNGUARDED_AVAILABILITY = YES_AGGRESSIVE;
				CLANG_WARN_UNREACHABLE_CODE = YES;
				CLANG_WARN__DUPLICATE_METHOD_MATCH = YES;
				COPY_PHASE_STRIP = NO;
				DEBUG_INFORMATION_FORMAT = "dwarf-with-dsym";
				ENABLE_NS_ASSERTIONS = NO;
				ENABLE_STRICT_OBJC_MSGSEND = YES;
				GCC_C_LANGUAGE_STANDARD = gnu11;
				GCC_NO_COMMON_BLOCKS = YES;
				GCC_WARN_64_TO_32_BIT_CONVERSION = YES;
				GCC_WARN_ABOUT_RETURN_TYPE = YES_ERROR;
				GCC_WARN_UNDECLARED_SELECTOR = YES;
				GCC_WARN_UNINITIALIZED_AUTOS = YES_AGGRESSIVE;
				GCC_WARN_UNUSED_FUNCTION = YES;
				GCC_WARN_UNUSED_VARIABLE = YES;
				IPHONEOS_DEPLOYMENT_TARGET = 15.5;
				MTL_ENABLE_DEBUG_INFO = NO;
				MTL_FAST_MATH = YES;
				SDKROOT = iphoneos;
				VALIDATE_PRODUCT = YES;
			};
			name = Release;
		};
		048D7808286007BE00D400E0 /* Debug */ = {
			isa = XCBuildConfiguration;
			buildSettings = {
				ASSETCATALOG_COMPILER_APPICON_NAME = AppIcon;
				ASSETCATALOG_COMPILER_GLOBAL_ACCENT_COLOR_NAME = AccentColor;
				CODE_SIGN_STYLE = Automatic;
				CURRENT_PROJECT_VERSION = 1;
				DEVELOPMENT_TEAM = CX9724CS5M;
				GENERATE_INFOPLIST_FILE = YES;
				INFOPLIST_FILE = "TextDetection-VIN4/Info.plist";
				INFOPLIST_KEY_NSCameraUsageDescription = "请求访问相机";
				INFOPLIST_KEY_UIApplicationSupportsIndirectInputEvents = YES;
				INFOPLIST_KEY_UILaunchStoryboardName = LaunchScreen;
				INFOPLIST_KEY_UIMainStoryboardFile = Main;
				INFOPLIST_KEY_UISupportedInterfaceOrientations = UIInterfaceOrientationPortrait;
				INFOPLIST_KEY_UISupportedInterfaceOrientations_iPad = "UIInterfaceOrientationPortrait UIInterfaceOrientationPortraitUpsideDown UIInterfaceOrientationLandscapeLeft UIInterfaceOrientationLandscapeRight";
				INFOPLIST_KEY_UISupportedInterfaceOrientations_iPhone = "UIInterfaceOrientationPortrait UIInterfaceOrientationLandscapeLeft UIInterfaceOrientationLandscapeRight";
				IPHONEOS_DEPLOYMENT_TARGET = 13.0;
				LD_RUNPATH_SEARCH_PATHS = (
					"$(inherited)",
					"@executable_path/Frameworks",
				);
				MARKETING_VERSION = 1.0;
				PRODUCT_BUNDLE_IDENTIFIER = "com.edu-edu.TextDetection-VIN4";
				PRODUCT_NAME = "$(TARGET_NAME)";
				SWIFT_EMIT_LOC_STRINGS = YES;
				TARGETED_DEVICE_FAMILY = "1,2";
			};
			name = Debug;
		};
		048D7809286007BE00D400E0 /* Release */ = {
			isa = XCBuildConfiguration;
			buildSettings = {
				ASSETCATALOG_COMPILER_APPICON_NAME = AppIcon;
				ASSETCATALOG_COMPILER_GLOBAL_ACCENT_COLOR_NAME = AccentColor;
				CODE_SIGN_STYLE = Automatic;
				CURRENT_PROJECT_VERSION = 1;
				DEVELOPMENT_TEAM = CX9724CS5M;
				GENERATE_INFOPLIST_FILE = YES;
				INFOPLIST_FILE = "TextDetection-VIN4/Info.plist";
				INFOPLIST_KEY_NSCameraUsageDescription = "请求访问相机";
				INFOPLIST_KEY_UIApplicationSupportsIndirectInputEvents = YES;
				INFOPLIST_KEY_UILaunchStoryboardName = LaunchScreen;
				INFOPLIST_KEY_UIMainStoryboardFile = Main;
				INFOPLIST_KEY_UISupportedInterfaceOrientations = UIInterfaceOrientationPortrait;
				INFOPLIST_KEY_UISupportedInterfaceOrientations_iPad = "UIInterfaceOrientationPortrait UIInterfaceOrientationPortraitUpsideDown UIInterfaceOrientationLandscapeLeft UIInterfaceOrientationLandscapeRight";
				INFOPLIST_KEY_UISupportedInterfaceOrientations_iPhone = "UIInterfaceOrientationPortrait UIInterfaceOrientationLandscapeLeft UIInterfaceOrientationLandscapeRight";
				IPHONEOS_DEPLOYMENT_TARGET = 13.0;
				LD_RUNPATH_SEARCH_PATHS = (
					"$(inherited)",
					"@executable_path/Frameworks",
				);
				MARKETING_VERSION = 1.0;
				PRODUCT_BUNDLE_IDENTIFIER = "com.edu-edu.TextDetection-VIN4";
				PRODUCT_NAME = "$(TARGET_NAME)";
				SWIFT_EMIT_LOC_STRINGS = YES;
				TARGETED_DEVICE_FAMILY = "1,2";
			};
			name = Release;
		};
/* End XCBuildConfiguration section */

/* Begin XCConfigurationList section */
		048D77E9286007BD00D400E0 /* Build configuration list for PBXProject "TextDetection-VIN4" */ = {
			isa = XCConfigurationList;
			buildConfigurations = (
				048D7805286007BE00D400E0 /* Debug */,
				048D7806286007BE00D400E0 /* Release */,
			);
			defaultConfigurationIsVisible = 0;
			defaultConfigurationName = Release;
		};
		048D7807286007BE00D400E0 /* Build configuration list for PBXNativeTarget "TextDetection-VIN4" */ = {
			isa = XCConfigurationList;
			buildConfigurations = (
				048D7808286007BE00D400E0 /* Debug */,
				048D7809286007BE00D400E0 /* Release */,
			);
			defaultConfigurationIsVisible = 0;
			defaultConfigurationName = Release;
		};
/* End XCConfigurationList section */
	};
	rootObject = 048D77E6286007BD00D400E0 /* Project object */;
}
